<?xml version="1.0" encoding="utf-8"?>
<Project ToolsVersion="4.0" xmlns="http://schemas.microsoft.com/developer/msbuild/2003">
  <ItemGroup>
    <Filter Include="Source Files">
      <UniqueIdentifier>{4FC737F1-C7A5-4376-A066-2A32D752A2FF}</UniqueIdentifier>
      <Extensions>cpp;c;cc;cxx;c++;cppm;ixx;def;odl;idl;hpj;bat;asm;asmx</Extensions>
    </Filter>
    <Filter Include="Header Files">
      <UniqueIdentifier>{93995380-89BD-4b04-88EB-625FBE52EBFB}</UniqueIdentifier>
      <Extensions>h;hh;hpp;hxx;h++;hm;inl;inc;ipp;xsd</Extensions>
    </Filter>
    <Filter Include="Resource Files">
      <UniqueIdentifier>{67DA6AB6-F800-4c08-8B7A-83BB121AAD01}</UniqueIdentifier>
      <Extensions>rc;ico;cur;bmp;dlg;rc2;rct;bin;rgs;gif;jpg;jpeg;jpe;resx;tiff;tif;png;wav;mfcribbon-ms</Extensions>
    </Filter>
    <Filter Include="Header Files\component">
      <UniqueIdentifier>{36ac430b-5fd0-4be3-bebe-4a76d6e3b9fa}</UniqueIdentifier>
    </Filter>
    <Filter Include="Source Files\component">
      <UniqueIdentifier>{6e7e547e-110c-4197-8374-d3c6b1b0fea6}</UniqueIdentifier>
    </Filter>
    <Filter Include="Source Files\shaders">
      <UniqueIdentifier>{28317da0-34af-453a-a269-2062d3f937b0}</UniqueIdentifier>
    </Filter>
    <Filter Include="Source Files\terrain">
      <UniqueIdentifier>{819ab906-fe21-469b-b3b9-4100db2d1ff8}</UniqueIdentifier>
    </Filter>
    <Filter Include="Source Files\util">
      <UniqueIdentifier>{9a7254e4-2d4c-4ceb-a233-82b588fb2c6a}</UniqueIdentifier>
    </Filter>
    <Filter Include="Header Files\terrain">
      <UniqueIdentifier>{36b516aa-aa4c-479d-b480-719bac31274c}</UniqueIdentifier>
    </Filter>
    <Filter Include="Header Files\util">
      <UniqueIdentifier>{b4296ff6-85ed-4741-84a7-af6e3fe74d3b}</UniqueIdentifier>
    </Filter>
    <Filter Include="Header Files\window">
      <UniqueIdentifier>{9d2ed6e2-201c-4262-8ceb-f5649d7d1967}</UniqueIdentifier>
    </Filter>
    <Filter Include="Source Files\window">
      <UniqueIdentifier>{c36d46fa-1254-4765-8463-bfaa25687edb}</UniqueIdentifier>
    </Filter>
    <Filter Include="Source Files\shapes">
      <UniqueIdentifier>{36e86309-0b93-47cf-9f83-73f834d356fc}</UniqueIdentifier>
    </Filter>
    <Filter Include="Source Files\texture">
      <UniqueIdentifier>{ce8c9f85-db0f-4e04-a740-5c13ff2bef27}</UniqueIdentifier>
    </Filter>
    <Filter Include="Header Files\texture">
      <UniqueIdentifier>{c6782d0d-0b23-491c-95d2-6f312d2a4f32}</UniqueIdentifier>
    </Filter>
  </ItemGroup>
  <ItemGroup>
    <ClCompile Include="main.cpp">
      <Filter>Source Files</Filter>
    </ClCompile>
    <ClCompile Include="..\common\wrapper_glfw.cpp">
      <Filter>Source Files\window</Filter>
    </ClCompile>
    <ClCompile Include="camera.cpp">
      <Filter>Source Files\component</Filter>
    </ClCompile>
    <ClCompile Include="terrain_object.cpp">
      <Filter>Source Files\terrain</Filter>
    </ClCompile>
    <ClCompile Include="light.cpp">
      <Filter>Source Files\component</Filter>
    </ClCompile>
    <ClCompile Include="..\common\sphere_tex.cpp">
      <Filter>Source Files\shapes</Filter>
    </ClCompile>
    <ClCompile Include="scene.cpp">
      <Filter>Source Files</Filter>
    </ClCompile>
    <ClCompile Include="tiny_loader_texture.cpp">
      <Filter>Source Files\util</Filter>
    </ClCompile>
    <ClCompile Include="texture.cpp">
      <Filter>Source Files\texture</Filter>
    </ClCompile>
    <ClCompile Include="skybox.cpp">
      <Filter>Source Files\terrain</Filter>
    </ClCompile>
    <ClCompile Include="shader.cpp">
      <Filter>Source Files\util</Filter>
    </ClCompile>
  </ItemGroup>
  <ItemGroup>
    <ClInclude Include="..\common\wrapper_glfw.h">
      <Filter>Header Files\window</Filter>
    </ClInclude>
    <ClInclude Include="camera.h">
      <Filter>Header Files\component</Filter>
    </ClInclude>
    <ClInclude Include="base_component.h">
      <Filter>Header Files\component</Filter>
    </ClInclude>
    <ClInclude Include="terrain_object.h">
      <Filter>Header Files\terrain</Filter>
    </ClInclude>
    <ClInclude Include="uniform_ids.h">
      <Filter>Header Files\util</Filter>
    </ClInclude>
    <ClInclude Include="light.h">
      <Filter>Header Files\component</Filter>
    </ClInclude>
    <ClInclude Include="scene.h">
      <Filter>Header Files</Filter>
    </ClInclude>
    <ClInclude Include="tiny_loader_texture.h">
      <Filter>Header Files\terrain</Filter>
    </ClInclude>
    <ClInclude Include="texture.h">
      <Filter>Header Files\texture</Filter>
    </ClInclude>
    <ClInclude Include="skybox.h">
      <Filter>Header Files\terrain</Filter>
    </ClInclude>
    <ClInclude Include="shader.h">
      <Filter>Header Files\util</Filter>
    </ClInclude>
  </ItemGroup>
  <ItemGroup>
    <None Include="shader.frag">
      <Filter>Source Files\shaders</Filter>
    </None>
    <None Include="shader.vert">
      <Filter>Source Files\shaders</Filter>
    </None>
    <None Include="skybox.frag">
      <Filter>Source Files\shaders</Filter>
    </None>
    <None Include="skybox.vert">
      <Filter>Source Files\shaders</Filter>
    </None>
  </ItemGroup>
</Project>